
Microsoft Visual Studio Solution File, Format Version 12.00
# Visual Studio Version 16
VisualStudioVersion = 16.0.32002.261
MinimumVisualStudioVersion = 10.0.40219.1
Project("{FAE04EC0-301F-11D3-BF4B-00C04F79EFBC}") = "HomeWork6.6", "HomeWork6.6\HomeWork6.6.csproj", "{9298E584-6199-4CBE-AD31-2EAD783F2BDC}"
EndProject
Global
	GlobalSection(SolutionConfigurationPlatforms) = preSolution
		Debug|Any CPU = Debug|Any CPU
		Release|Any CPU = Release|Any CPU
	EndGlobalSection
	GlobalSection(ProjectConfigurationPlatforms) = postSolution
		{9298E584-6199-4CBE-AD31-2EAD783F2BDC}.Debug|Any CPU.ActiveCfg = Debug|Any CPU
		{9298E584-6199-4CBE-AD31-2EAD783F2BDC}.Debug|Any CPU.Build.0 = Debug|Any CPU
		{9298E584-6199-4CBE-AD31-2EAD783F2BDC}.Release|Any CPU.ActiveCfg = Release|Any CPU
		{9298E584-6199-4CBE-AD31-2EAD783F2BDC}.Release|Any CPU.Build.0 = Release|Any CPU
	EndGlobalSection
	GlobalSection(SolutionProperties) = preSolution
		HideSolutionNode = FALSE
	EndGlobalSection
	GlobalSection(ExtensibilityGlobals) = postSolution
		SolutionGuid = {1787DA53-6430-479C-A85D-0B455E42F3B6}
	EndGlobalSection
EndGlobal
